
Microsoft Visual Studio Solution File, Format Version 12.00
# Visual Studio Version 17
VisualStudioVersion = 17.8.34511.84
MinimumVisualStudioVersion = 10.0.40219.1
Project("{FAE04EC0-301F-11D3-BF4B-00C04F79EFBC}") = "DotTrainigator.UI", "DotTrainigator.UI\DotTrainigator.UI.csproj", "{FD950444-4969-49E0-B09C-BD8D78F0206D}"
EndProject
Global
	GlobalSection(SolutionConfigurationPlatforms) = preSolution
		Debug|Any CPU = Debug|Any CPU
		Release|Any CPU = Release|Any CPU
	EndGlobalSection
	GlobalSection(ProjectConfigurationPlatforms) = postSolution
		{FD950444-4969-49E0-B09C-BD8D78F0206D}.Debug|Any CPU.ActiveCfg = Debug|Any CPU
		{FD950444-4969-49E0-B09C-BD8D78F0206D}.Debug|Any CPU.Build.0 = Debug|Any CPU
		{FD950444-4969-49E0-B09C-BD8D78F0206D}.Debug|Any CPU.Deploy.0 = Debug|Any CPU
		{FD950444-4969-49E0-B09C-BD8D78F0206D}.Release|Any CPU.ActiveCfg = Release|Any CPU
		{FD950444-4969-49E0-B09C-BD8D78F0206D}.Release|Any CPU.Build.0 = Release|Any CPU
		{FD950444-4969-49E0-B09C-BD8D78F0206D}.Release|Any CPU.Deploy.0 = Release|Any CPU
	EndGlobalSection
	GlobalSection(SolutionProperties) = preSolution
		HideSolutionNode = FALSE
	EndGlobalSection
	GlobalSection(ExtensibilityGlobals) = postSolution
		SolutionGuid = {95CCAA50-7843-497B-A476-276A6A9E47B7}
	EndGlobalSection
EndGlobal
